
Microsoft Visual Studio Solution File, Format Version 12.00
# Visual Studio Version 17
VisualStudioVersion = 17.4.33213.308
MinimumVisualStudioVersion = 10.0.40219.1
Project("{2150E333-8FDC-42A3-9474-1A3956D46DE8}") = "projects", "projects", "{0303A68D-ACDF-47AF-9865-D221491EC060}"
EndProject
Project("{2150E333-8FDC-42A3-9474-1A3956D46DE8}") = "tests", "tests", "{4796BDB3-438B-4C31-AD35-731DE56EEE77}"
EndProject
Project("{9A19103F-16F7-4668-BE54-9A1E7A4F7556}") = "Commerce.Api", "projects\Commerce\Commerce.Api\Commerce.Api.csproj", "{CF40CBFF-D71F-4652-9475-C74C90035181}"
EndProject
Project("{9A19103F-16F7-4668-BE54-9A1E7A4F7556}") = "Commerce.Core", "projects\Commerce\Commerce.Core\Commerce.Core.csproj", "{64648D9D-2463-4E11-ABDC-8989C25B5A1D}"
EndProject
Project("{9A19103F-16F7-4668-BE54-9A1E7A4F7556}") = "Commerce.IoC", "projects\Commerce\Commerce.IoC\Commerce.IoC.csproj", "{7FED75F0-F3C8-49DD-812B-976E997E0E14}"
EndProject
Project("{9A19103F-16F7-4668-BE54-9A1E7A4F7556}") = "Commerce.Security", "projects\Commerce\Commerce.Security\Commerce.Security.csproj", "{2FC8F47B-3A86-4D5D-A313-636AF184F50A}"
EndProject
Project("{FAE04EC0-301F-11D3-BF4B-00C04F79EFBC}") = "Commerce.Tests.Core", "Commerce.Tests.Core\Commerce.Tests.Core.csproj", "{666F85FD-5951-451F-8CB0-47A20B2B95FD}"
EndProject
Global
	GlobalSection(SolutionConfigurationPlatforms) = preSolution
		Debug|Any CPU = Debug|Any CPU
		Release|Any CPU = Release|Any CPU
	EndGlobalSection
	GlobalSection(ProjectConfigurationPlatforms) = postSolution
		{CF40CBFF-D71F-4652-9475-C74C90035181}.Debug|Any CPU.ActiveCfg = Debug|Any CPU
		{CF40CBFF-D71F-4652-9475-C74C90035181}.Debug|Any CPU.Build.0 = Debug|Any CPU
		{CF40CBFF-D71F-4652-9475-C74C90035181}.Release|Any CPU.ActiveCfg = Release|Any CPU
		{CF40CBFF-D71F-4652-9475-C74C90035181}.Release|Any CPU.Build.0 = Release|Any CPU
		{64648D9D-2463-4E11-ABDC-8989C25B5A1D}.Debug|Any CPU.ActiveCfg = Debug|Any CPU
		{64648D9D-2463-4E11-ABDC-8989C25B5A1D}.Debug|Any CPU.Build.0 = Debug|Any CPU
		{64648D9D-2463-4E11-ABDC-8989C25B5A1D}.Release|Any CPU.ActiveCfg = Release|Any CPU
		{64648D9D-2463-4E11-ABDC-8989C25B5A1D}.Release|Any CPU.Build.0 = Release|Any CPU
		{7FED75F0-F3C8-49DD-812B-976E997E0E14}.Debug|Any CPU.ActiveCfg = Debug|Any CPU
		{7FED75F0-F3C8-49DD-812B-976E997E0E14}.Debug|Any CPU.Build.0 = Debug|Any CPU
		{7FED75F0-F3C8-49DD-812B-976E997E0E14}.Release|Any CPU.ActiveCfg = Release|Any CPU
		{7FED75F0-F3C8-49DD-812B-976E997E0E14}.Release|Any CPU.Build.0 = Release|Any CPU
		{2FC8F47B-3A86-4D5D-A313-636AF184F50A}.Debug|Any CPU.ActiveCfg = Debug|Any CPU
		{2FC8F47B-3A86-4D5D-A313-636AF184F50A}.Debug|Any CPU.Build.0 = Debug|Any CPU
		{2FC8F47B-3A86-4D5D-A313-636AF184F50A}.Release|Any CPU.ActiveCfg = Release|Any CPU
		{2FC8F47B-3A86-4D5D-A313-636AF184F50A}.Release|Any CPU.Build.0 = Release|Any CPU
		{666F85FD-5951-451F-8CB0-47A20B2B95FD}.Debug|Any CPU.ActiveCfg = Debug|Any CPU
		{666F85FD-5951-451F-8CB0-47A20B2B95FD}.Debug|Any CPU.Build.0 = Debug|Any CPU
		{666F85FD-5951-451F-8CB0-47A20B2B95FD}.Release|Any CPU.ActiveCfg = Release|Any CPU
		{666F85FD-5951-451F-8CB0-47A20B2B95FD}.Release|Any CPU.Build.0 = Release|Any CPU
	EndGlobalSection
	GlobalSection(SolutionProperties) = preSolution
		HideSolutionNode = FALSE
	EndGlobalSection
	GlobalSection(NestedProjects) = preSolution
		{CF40CBFF-D71F-4652-9475-C74C90035181} = {0303A68D-ACDF-47AF-9865-D221491EC060}
		{64648D9D-2463-4E11-ABDC-8989C25B5A1D} = {0303A68D-ACDF-47AF-9865-D221491EC060}
		{7FED75F0-F3C8-49DD-812B-976E997E0E14} = {0303A68D-ACDF-47AF-9865-D221491EC060}
		{2FC8F47B-3A86-4D5D-A313-636AF184F50A} = {0303A68D-ACDF-47AF-9865-D221491EC060}
		{666F85FD-5951-451F-8CB0-47A20B2B95FD} = {4796BDB3-438B-4C31-AD35-731DE56EEE77}
	EndGlobalSection
	GlobalSection(ExtensibilityGlobals) = postSolution
		SolutionGuid = {77D74319-165E-4400-90F6-79A0BC26C7D5}
	EndGlobalSection
EndGlobal
